PODS:
  - Braintree (4.8.5):
    - Braintree/Card (= 4.8.5)
    - Braintree/Core (= 4.8.5)
    - Braintree/PayPal (= 4.8.5)
    - Braintree/UI (= 4.8.5)
  - Braintree/Card (4.8.5):
    - Braintree/Core
  - Braintree/Core (4.8.5)
  - Braintree/DataCollector (4.8.5):
    - Braintree/Core
  - Braintree/PayPal (4.8.5):
    - Braintree/Core
    - Braintree/PayPalOneTouch
  - Braintree/PayPalDataCollector (4.8.5):
    - Braintree/Core
    - Braintree/PayPalUtils
  - Braintree/PayPalOneTouch (4.8.5):
    - Braintree/Core
    - Braintree/PayPalDataCollector
    - Braintree/PayPalUtils
  - Braintree/PayPalUtils (4.8.5)
  - Braintree/UI (4.8.5):
    - Braintree/Card
    - Braintree/Core

DEPENDENCIES:
  - Braintree
  - Braintree/DataCollector

SPEC CHECKSUMS:
  Braintree: 12225834d0e39ffad56888756a3c0d8bda043d53

PODFILE CHECKSUM: 2967bc4e325e40db5d66e94d721a909906307746

COCOAPODS: 1.1.0.rc.1
